{
    "name": "vscode-utils",
    "version": "0.0.1",
    "lockfileVersion": 3,
    "requires": true,
    "packages": {
        "": {
            "name": "vscode-utils",
            "version": "0.0.1",
            "dependencies": {
                "comment-json": "^4.2.3",
                "vscode-ext-selection": "^1.0.1",
                "vscode-textmate-languageservice": "^3.0.0"
            },
            "devDependencies": {
                "@types/vscode": "^1.73.0"
            },
            "engines": {
                "vscode": "^1.74.0"
            }
        },
        "node_modules/@types/vscode": {
            "version": "1.86.0",
            "resolved": "https://registry.npmjs.org/@types/vscode/-/vscode-1.86.0.tgz",
            "integrity": "sha512-DnIXf2ftWv+9LWOB5OJeIeaLigLHF7fdXF6atfc7X5g2w/wVZBgk0amP7b+ub5xAuW1q7qP5YcFvOcit/DtyCQ=="
        },
        "node_modules/array-timsort": {
            "version": "1.0.3",
            "resolved": "https://registry.npmjs.org/array-timsort/-/array-timsort-1.0.3.tgz",
            "integrity": "sha512-/+3GRL7dDAGEfM6TseQk/U+mi18TU2Ms9I3UlLdUMhz2hbvGNTKdj9xniwXfUqgYhHxRx0+8UnKkvlNwVU+cWQ=="
        },
        "node_modules/comment-json": {
            "version": "4.2.3",
            "resolved": "https://registry.npmjs.org/comment-json/-/comment-json-4.2.3.tgz",
            "integrity": "sha512-SsxdiOf064DWoZLH799Ata6u7iV658A11PlWtZATDlXPpKGJnbJZ5Z24ybixAi+LUUqJ/GKowAejtC5GFUG7Tw==",
            "dependencies": {
                "array-timsort": "^1.0.3",
                "core-util-is": "^1.0.3",
                "esprima": "^4.0.1",
                "has-own-prop": "^2.0.0",
                "repeat-string": "^1.6.1"
            },
            "engines": {
                "node": ">= 6"
            }
        },
        "node_modules/core-util-is": {
            "version": "1.0.3",
            "resolved": "https://registry.npmjs.org/core-util-is/-/core-util-is-1.0.3.tgz",
            "integrity": "sha512-ZQBvi1DcpJ4GDqanjucZ2Hj3wEO5pZDS89BWbkcrvdxksJorwUDDZamX9ldFkp9aw2lmBDLgkObEA4DWNJ9FYQ=="
        },
        "node_modules/esprima": {
            "version": "4.0.1",
            "resolved": "https://registry.npmjs.org/esprima/-/esprima-4.0.1.tgz",
            "integrity": "sha512-eGuFFw7Upda+g4p+QHvnW0RyTX/SVeJBDM/gCtMARO0cLuT2HcEKnTPvhjV6aGeqrCB/sbNop0Kszm0jsaWU4A==",
            "bin": {
                "esparse": "bin/esparse.js",
                "esvalidate": "bin/esvalidate.js"
            },
            "engines": {
                "node": ">=4"
            }
        },
        "node_modules/has-own-prop": {
            "version": "2.0.0",
            "resolved": "https://registry.npmjs.org/has-own-prop/-/has-own-prop-2.0.0.tgz",
            "integrity": "sha512-Pq0h+hvsVm6dDEa8x82GnLSYHOzNDt7f0ddFa3FqcQlgzEiptPqL+XrOJNavjOzSYiYWIrgeVYYgGlLmnxwilQ==",
            "engines": {
                "node": ">=8"
            }
        },
        "node_modules/repeat-string": {
            "version": "1.6.1",
            "resolved": "https://registry.npmjs.org/repeat-string/-/repeat-string-1.6.1.tgz",
            "integrity": "sha512-PV0dzCYDNfRi1jCDbJzpW7jNNDRuCOG/jI5ctQcGKt/clZD+YcPS3yIlWuTJMmESC8aevCFmWJy5wjAFgNqN6w==",
            "engines": {
                "node": ">=0.10"
            }
        },
        "node_modules/type-fest": {
            "version": "1.0.0",
            "resolved": "https://registry.npmjs.org/type-fest/-/type-fest-1.0.0.tgz",
            "integrity": "sha512-Q75/Kan//7GSHmyXvG5kQdLSuF+PJzOv2sc6XyhAYCvR4xoAF5qHI2mKmhkpMOtvrfn9FSh376dGaZbdWL/vgQ==",
            "engines": {
                "node": ">=10"
            },
            "funding": {
                "url": "https://github.com/sponsors/sindresorhus"
            }
        },
        "node_modules/vscode-ext-selection": {
            "version": "1.0.1",
            "resolved": "https://registry.npmjs.org/vscode-ext-selection/-/vscode-ext-selection-1.0.1.tgz",
            "integrity": "sha512-TNFDiQ4cCjOxdHC0rUZsGE9szpIr1zGDyIYqBEZB3Zqt3BqphA30UL8CR0+Bad7U8WGUEtEwtJPGyE3QaUHJzw=="
        },
        "node_modules/vscode-textmate": {
            "version": "9.0.0",
            "resolved": "https://registry.npmjs.org/vscode-textmate/-/vscode-textmate-9.0.0.tgz",
            "integrity": "sha512-Cl65diFGxz7gpwbav10HqiY/eVYTO1sjQpmRmV991Bj7wAoOAjGQ97PpQcXorDE2Uc4hnGWLY17xme+5t6MlSg=="
        },
        "node_modules/vscode-textmate-languageservice": {
            "version": "3.0.0",
            "resolved": "https://registry.npmjs.org/vscode-textmate-languageservice/-/vscode-textmate-languageservice-3.0.0.tgz",
            "integrity": "sha512-YcQQQkWOox2fofe8AGUUbd9RMU239luK+DqScEcBZwiY5yUK9PSpf1YhGz3vNptyMMRQcx5Y/1iB43xOrwrz9A==",
            "hasInstallScript": true,
            "dependencies": {
                "@types/vscode": "^1.55.0",
                "type-fest": "1.0.0",
                "vscode-textmate": "^9.0.0"
            },
            "engines": {
                "vscode": "^1.55.0"
            }
        }
    }
}
